// !$*UTF8*$!
{
	archiveVersion = 1;
	classes = {
	};
	objectVersion = 56;
	objects = {

/* Begin PBXBuildFile section */
		3B15EFC02E4B84A000938641 /* Passport_ReaderApp.swift in Sources */ = {isa = PBXBuildFile; fileRef = 3B15EFBF2E4B84A000938641 /* Passport_ReaderApp.swift */; };
		3B15EFC22E4B84A000938641 /* ContentView.swift in Sources */ = {isa = PBXBuildFile; fileRef = 3B15EFC12E4B84A000938641 /* ContentView.swift */; };
		3B15EFC42E4B84A300938641 /* Assets.xcassets in Resources */ = {isa = PBXBuildFile; fileRef = 3B15EFC32E4B84A300938641 /* Assets.xcassets */; };
		3B15EFC72E4B84A300938641 /* Preview Assets.xcassets in Resources */ = {isa = PBXBuildFile; fileRef = 3B15EFC62E4B84A300938641 /* Preview Assets.xcassets */; };
		3B15EFCF2E4B84F100938641 /* NFCPassportReader in Frameworks */ = {isa = PBXBuildFile; productRef = 3B15EFCE2E4B84F100938641 /* NFCPassportReader */; };
		3B15EFD22E4B85C900938641 /* FaceDetectionRetinaFace in Frameworks */ = {isa = PBXBuildFile; productRef = 3B15EFD12E4B85C900938641 /* FaceDetectionRetinaFace */; };
		3B15EFD52E4B85DF00938641 /* FaceRecognitionArcFaceCloud in Frameworks */ = {isa = PBXBuildFile; productRef = 3B15EFD42E4B85DF00938641 /* FaceRecognitionArcFaceCloud */; };
		3B15EFD72E4B85DF00938641 /* FaceRecognitionArcFaceCore in Frameworks */ = {isa = PBXBuildFile; productRef = 3B15EFD62E4B85DF00938641 /* FaceRecognitionArcFaceCore */; };
		3B15EFDA2E4B860700938641 /* FaceCapture in Frameworks */ = {isa = PBXBuildFile; productRef = 3B15EFD92E4B860700938641 /* FaceCapture */; };
		3B15EFDD2E4B862300938641 /* SpoofDeviceDetection in Frameworks */ = {isa = PBXBuildFile; productRef = 3B15EFDC2E4B862300938641 /* SpoofDeviceDetection */; };
		3B15EFDF2E4B862300938641 /* SpoofDeviceDetectionCore in Frameworks */ = {isa = PBXBuildFile; productRef = 3B15EFDE2E4B862300938641 /* SpoofDeviceDetectionCore */; };
		3B15EFE12E4B865500938641 /* BacEntryView.swift in Sources */ = {isa = PBXBuildFile; fileRef = 3B15EFE02E4B865500938641 /* BacEntryView.swift */; };
		3B15EFE32E4B86B300938641 /* Bac.swift in Sources */ = {isa = PBXBuildFile; fileRef = 3B15EFE22E4B86B300938641 /* Bac.swift */; };
		3B15EFE52E4B872600938641 /* String.swift in Sources */ = {isa = PBXBuildFile; fileRef = 3B15EFE42E4B872600938641 /* String.swift */; };
		3B15EFE72E4B87EE00938641 /* UserDefaults.swift in Sources */ = {isa = PBXBuildFile; fileRef = 3B15EFE62E4B87EE00938641 /* UserDefaults.swift */; };
		3B15EFE92E4B989B00938641 /* NFCPassportModel.swift in Sources */ = {isa = PBXBuildFile; fileRef = 3B15EFE82E4B989B00938641 /* NFCPassportModel.swift */; };
		3B15EFEB2E4B9B0300938641 /* PassportView.swift in Sources */ = {isa = PBXBuildFile; fileRef = 3B15EFEA2E4B9B0300938641 /* PassportView.swift */; };
		3B15EFEE2E4BD70D00938641 /* FaceImageUtil.swift in Sources */ = {isa = PBXBuildFile; fileRef = 3B15EFED2E4BD70D00938641 /* FaceImageUtil.swift */; };
		3B15EFF02E4BD95B00938641 /* FaceComparisonView.swift in Sources */ = {isa = PBXBuildFile; fileRef = 3B15EFEF2E4BD95B00938641 /* FaceComparisonView.swift */; };
		3B15EFF32E4BE40300938641 /* MasterList.pem in Resources */ = {isa = PBXBuildFile; fileRef = 3B15EFF22E4BE40300938641 /* MasterList.pem */; };
		3B22A98C2E4CDAC7006D5A2D /* FaceMatchingModel.swift in Sources */ = {isa = PBXBuildFile; fileRef = 3B22A98B2E4CDAC7006D5A2D /* FaceMatchingModel.swift */; };
		3B22A98E2E4CEAA5006D5A2D /* NameUtil.swift in Sources */ = {isa = PBXBuildFile; fileRef = 3B22A98D2E4CEAA5006D5A2D /* NameUtil.swift */; };
		3B22A9902E4D0071006D5A2D /* PassportDetailsView.swift in Sources */ = {isa = PBXBuildFile; fileRef = 3B22A98F2E4D0071006D5A2D /* PassportDetailsView.swift */; };
		3B22A9922E4D21D6006D5A2D /* AboutView.swift in Sources */ = {isa = PBXBuildFile; fileRef = 3B22A9912E4D21D6006D5A2D /* AboutView.swift */; };
		3B8321432E5F0C180030BCCB /* Errors.swift in Sources */ = {isa = PBXBuildFile; fileRef = 3B8321422E5F0C180030BCCB /* Errors.swift */; };
/* End PBXBuildFile section */

/* Begin PBXFileReference section */
		3B15EFBC2E4B84A000938641 /* Passport Reader.app */ = {isa = PBXFileReference; explicitFileType = wrapper.application; includeInIndex = 0; path = "Passport Reader.app"; sourceTree = BUILT_PRODUCTS_DIR; };
		3B15EFBF2E4B84A000938641 /* Passport_ReaderApp.swift */ = {isa = PBXFileReference; lastKnownFileType = sourcecode.swift; path = Passport_ReaderApp.swift; sourceTree = "<group>"; };
		3B15EFC12E4B84A000938641 /* ContentView.swift */ = {isa = PBXFileReference; lastKnownFileType = sourcecode.swift; path = ContentView.swift; sourceTree = "<group>"; };
		3B15EFC32E4B84A300938641 /* Assets.xcassets */ = {isa = PBXFileReference; lastKnownFileType = folder.assetcatalog; path = Assets.xcassets; sourceTree = "<group>"; };
		3B15EFC62E4B84A300938641 /* Preview Assets.xcassets */ = {isa = PBXFileReference; lastKnownFileType = folder.assetcatalog; path = "Preview Assets.xcassets"; sourceTree = "<group>"; };
		3B15EFE02E4B865500938641 /* BacEntryView.swift */ = {isa = PBXFileReference; lastKnownFileType = sourcecode.swift; path = BacEntryView.swift; sourceTree = "<group>"; };
		3B15EFE22E4B86B300938641 /* Bac.swift */ = {isa = PBXFileReference; lastKnownFileType = sourcecode.swift; path = Bac.swift; sourceTree = "<group>"; };
		3B15EFE42E4B872600938641 /* String.swift */ = {isa = PBXFileReference; lastKnownFileType = sourcecode.swift; path = String.swift; sourceTree = "<group>"; };
		3B15EFE62E4B87EE00938641 /* UserDefaults.swift */ = {isa = PBXFileReference; lastKnownFileType = sourcecode.swift; path = UserDefaults.swift; sourceTree = "<group>"; };
		3B15EFE82E4B989B00938641 /* NFCPassportModel.swift */ = {isa = PBXFileReference; lastKnownFileType = sourcecode.swift; path = NFCPassportModel.swift; sourceTree = "<group>"; };
		3B15EFEA2E4B9B0300938641 /* PassportView.swift */ = {isa = PBXFileReference; lastKnownFileType = sourcecode.swift; path = PassportView.swift; sourceTree = "<group>"; };
		3B15EFEC2E4BC9B600938641 /* Passport-Reader-Info.plist */ = {isa = PBXFileReference; lastKnownFileType = text.plist.xml; name = "Passport-Reader-Info.plist"; path = "Passport Reader/Passport-Reader-Info.plist"; sourceTree = SOURCE_ROOT; };
		3B15EFED2E4BD70D00938641 /* FaceImageUtil.swift */ = {isa = PBXFileReference; lastKnownFileType = sourcecode.swift; path = FaceImageUtil.swift; sourceTree = "<group>"; };
		3B15EFEF2E4BD95B00938641 /* FaceComparisonView.swift */ = {isa = PBXFileReference; lastKnownFileType = sourcecode.swift; path = FaceComparisonView.swift; sourceTree = "<group>"; };
		3B15EFF12E4BDF2E00938641 /* Passport Reader.entitlements */ = {isa = PBXFileReference; lastKnownFileType = text.plist.entitlements; path = "Passport Reader.entitlements"; sourceTree = "<group>"; };
		3B15EFF22E4BE40300938641 /* MasterList.pem */ = {isa = PBXFileReference; fileEncoding = 4; lastKnownFileType = text; path = MasterList.pem; sourceTree = "<group>"; };
		3B22A98B2E4CDAC7006D5A2D /* FaceMatchingModel.swift */ = {isa = PBXFileReference; lastKnownFileType = sourcecode.swift; path = FaceMatchingModel.swift; sourceTree = "<group>"; };
		3B22A98D2E4CEAA5006D5A2D /* NameUtil.swift */ = {isa = PBXFileReference; lastKnownFileType = sourcecode.swift; path = NameUtil.swift; sourceTree = "<group>"; };
		3B22A98F2E4D0071006D5A2D /* PassportDetailsView.swift */ = {isa = PBXFileReference; lastKnownFileType = sourcecode.swift; path = PassportDetailsView.swift; sourceTree = "<group>"; };
		3B22A9912E4D21D6006D5A2D /* AboutView.swift */ = {isa = PBXFileReference; lastKnownFileType = sourcecode.swift; path = AboutView.swift; sourceTree = "<group>"; };
		3B8321422E5F0C180030BCCB /* Errors.swift */ = {isa = PBXFileReference; lastKnownFileType = sourcecode.swift; path = Errors.swift; sourceTree = "<group>"; };
/* End PBXFileReference section */

/* Begin PBXFrameworksBuildPhase section */
		3B15EFB92E4B84A000938641 /* Frameworks */ = {
			isa = PBXFrameworksBuildPhase;
			buildActionMask = 2147483647;
			files = (
				3B15EFDD2E4B862300938641 /* SpoofDeviceDetection in Frameworks */,
				3B15EFD72E4B85DF00938641 /* FaceRecognitionArcFaceCore in Frameworks */,
				3B15EFDF2E4B862300938641 /* SpoofDeviceDetectionCore in Frameworks */,
				3B15EFCF2E4B84F100938641 /* NFCPassportReader in Frameworks */,
				3B15EFD22E4B85C900938641 /* FaceDetectionRetinaFace in Frameworks */,
				3B15EFD52E4B85DF00938641 /* FaceRecognitionArcFaceCloud in Frameworks */,
				3B15EFDA2E4B860700938641 /* FaceCapture in Frameworks */,
			);
			runOnlyForDeploymentPostprocessing = 0;
		};
/* End PBXFrameworksBuildPhase section */

/* Begin PBXGroup section */
		3B15EFB32E4B84A000938641 = {
			isa = PBXGroup;
			children = (
				3B15EFBE2E4B84A000938641 /* Passport Reader */,
				3B15EFBD2E4B84A000938641 /* Products */,
			);
			sourceTree = "<group>";
		};
		3B15EFBD2E4B84A000938641 /* Products */ = {
			isa = PBXGroup;
			children = (
				3B15EFBC2E4B84A000938641 /* Passport Reader.app */,
			);
			name = Products;
			sourceTree = "<group>";
		};
		3B15EFBE2E4B84A000938641 /* Passport Reader */ = {
			isa = PBXGroup;
			children = (
				3B15EFF22E4BE40300938641 /* MasterList.pem */,
				3B15EFF12E4BDF2E00938641 /* Passport Reader.entitlements */,
				3B15EFEC2E4BC9B600938641 /* Passport-Reader-Info.plist */,
				3B15EFBF2E4B84A000938641 /* Passport_ReaderApp.swift */,
				3B15EFC12E4B84A000938641 /* ContentView.swift */,
				3B15EFC32E4B84A300938641 /* Assets.xcassets */,
				3B15EFC52E4B84A300938641 /* Preview Content */,
				3B15EFE02E4B865500938641 /* BacEntryView.swift */,
				3B15EFE22E4B86B300938641 /* Bac.swift */,
				3B15EFE42E4B872600938641 /* String.swift */,
				3B15EFE62E4B87EE00938641 /* UserDefaults.swift */,
				3B15EFE82E4B989B00938641 /* NFCPassportModel.swift */,
				3B15EFEA2E4B9B0300938641 /* PassportView.swift */,
				3B15EFED2E4BD70D00938641 /* FaceImageUtil.swift */,
				3B15EFEF2E4BD95B00938641 /* FaceComparisonView.swift */,
				3B22A98B2E4CDAC7006D5A2D /* FaceMatchingModel.swift */,
				3B22A98D2E4CEAA5006D5A2D /* NameUtil.swift */,
				3B22A98F2E4D0071006D5A2D /* PassportDetailsView.swift */,
				3B22A9912E4D21D6006D5A2D /* AboutView.swift */,
				3B8321422E5F0C180030BCCB /* Errors.swift */,
			);
			path = "Passport Reader";
			sourceTree = "<group>";
		};
		3B15EFC52E4B84A300938641 /* Preview Content */ = {
			isa = PBXGroup;
			children = (
				3B15EFC62E4B84A300938641 /* Preview Assets.xcassets */,
			);
			path = "Preview Content";
			sourceTree = "<group>";
		};
/* End PBXGroup section */

/* Begin PBXNativeTarget section */
		3B15EFBB2E4B84A000938641 /* Passport Reader */ = {
			isa = PBXNativeTarget;
			buildConfigurationList = 3B15EFCA2E4B84A300938641 /* Build configuration list for PBXNativeTarget "Passport Reader" */;
			buildPhases = (
				3B15EFB82E4B84A000938641 /* Sources */,
				3B15EFB92E4B84A000938641 /* Frameworks */,
				3B15EFBA2E4B84A000938641 /* Resources */,
			);
			buildRules = (
			);
			dependencies = (
			);
			name = "Passport Reader";
			packageProductDependencies = (
				3B15EFCE2E4B84F100938641 /* NFCPassportReader */,
				3B15EFD12E4B85C900938641 /* FaceDetectionRetinaFace */,
				3B15EFD42E4B85DF00938641 /* FaceRecognitionArcFaceCloud */,
				3B15EFD62E4B85DF00938641 /* FaceRecognitionArcFaceCore */,
				3B15EFD92E4B860700938641 /* FaceCapture */,
				3B15EFDC2E4B862300938641 /* SpoofDeviceDetection */,
				3B15EFDE2E4B862300938641 /* SpoofDeviceDetectionCore */,
			);
			productName = "Passport Reader";
			productReference = 3B15EFBC2E4B84A000938641 /* Passport Reader.app */;
			productType = "com.apple.product-type.application";
		};
/* End PBXNativeTarget section */

/* Begin PBXProject section */
		3B15EFB42E4B84A000938641 /* Project object */ = {
			isa = PBXProject;
			attributes = {
				BuildIndependentTargetsInParallel = 1;
				LastSwiftUpdateCheck = 1520;
				LastUpgradeCheck = 1520;
				TargetAttributes = {
					3B15EFBB2E4B84A000938641 = {
						CreatedOnToolsVersion = 15.2;
					};
				};
			};
			buildConfigurationList = 3B15EFB72E4B84A000938641 /* Build configuration list for PBXProject "Passport Reader" */;
			compatibilityVersion = "Xcode 14.0";
			developmentRegion = en;
			hasScannedForEncodings = 0;
			knownRegions = (
				en,
				Base,
			);
			mainGroup = 3B15EFB32E4B84A000938641;
			packageReferences = (
				3B15EFCD2E4B84F100938641 /* XCRemoteSwiftPackageReference "NFCPassportReader" */,
				3B15EFD02E4B85C900938641 /* XCRemoteSwiftPackageReference "Face-Detection-RetinaFace-Apple" */,
				3B15EFD32E4B85DF00938641 /* XCRemoteSwiftPackageReference "Face-Recognition-ArcFace-Apple" */,
				3B15EFD82E4B860700938641 /* XCRemoteSwiftPackageReference "Face-Capture-Apple" */,
				3B15EFDB2E4B862300938641 /* XCRemoteSwiftPackageReference "Spoof-Device-Detection-Ver-ID-3-Apple" */,
			);
			productRefGroup = 3B15EFBD2E4B84A000938641 /* Products */;
			projectDirPath = "";
			projectRoot = "";
			targets = (
				3B15EFBB2E4B84A000938641 /* Passport Reader */,
			);
		};
/* End PBXProject section */

/* Begin PBXResourcesBuildPhase section */
		3B15EFBA2E4B84A000938641 /* Resources */ = {
			isa = PBXResourcesBuildPhase;
			buildActionMask = 2147483647;
			files = (
				3B15EFC72E4B84A300938641 /* Preview Assets.xcassets in Resources */,
				3B15EFF32E4BE40300938641 /* MasterList.pem in Resources */,
				3B15EFC42E4B84A300938641 /* Assets.xcassets in Resources */,
			);
			runOnlyForDeploymentPostprocessing = 0;
		};
/* End PBXResourcesBuildPhase section */

/* Begin PBXSourcesBuildPhase section */
		3B15EFB82E4B84A000938641 /* Sources */ = {
			isa = PBXSourcesBuildPhase;
			buildActionMask = 2147483647;
			files = (
				3B15EFE92E4B989B00938641 /* NFCPassportModel.swift in Sources */,
				3B8321432E5F0C180030BCCB /* Errors.swift in Sources */,
				3B15EFC22E4B84A000938641 /* ContentView.swift in Sources */,
				3B15EFEE2E4BD70D00938641 /* FaceImageUtil.swift in Sources */,
				3B15EFC02E4B84A000938641 /* Passport_ReaderApp.swift in Sources */,
				3B15EFF02E4BD95B00938641 /* FaceComparisonView.swift in Sources */,
				3B15EFE72E4B87EE00938641 /* UserDefaults.swift in Sources */,
				3B15EFEB2E4B9B0300938641 /* PassportView.swift in Sources */,
				3B15EFE52E4B872600938641 /* String.swift in Sources */,
				3B22A9922E4D21D6006D5A2D /* AboutView.swift in Sources */,
				3B22A98E2E4CEAA5006D5A2D /* NameUtil.swift in Sources */,
				3B15EFE32E4B86B300938641 /* Bac.swift in Sources */,
				3B15EFE12E4B865500938641 /* BacEntryView.swift in Sources */,
				3B22A9902E4D0071006D5A2D /* PassportDetailsView.swift in Sources */,
				3B22A98C2E4CDAC7006D5A2D /* FaceMatchingModel.swift in Sources */,
			);
			runOnlyForDeploymentPostprocessing = 0;
		};
/* End PBXSourcesBuildPhase section */

/* Begin XCBuildConfiguration section */
		3B15EFC82E4B84A300938641 /* Debug */ = {
			isa = XCBuildConfiguration;
			buildSettings = {
				ALWAYS_SEARCH_USER_PATHS = NO;
				ASSETCATALOG_COMPILER_GENERATE_SWIFT_ASSET_SYMBOL_EXTENSIONS = YES;
				CLANG_ANALYZER_NONNULL = YES;
				CLANG_ANALYZER_NUMBER_OBJECT_CONVERSION = YES_AGGRESSIVE;
				CLANG_CXX_LANGUAGE_STANDARD = "gnu++20";
				CLANG_ENABLE_MODULES = YES;
				CLANG_ENABLE_OBJC_ARC = YES;
				CLANG_ENABLE_OBJC_WEAK = YES;
				CLANG_WARN_BLOCK_CAPTURE_AUTORELEASING = YES;
				CLANG_WARN_BOOL_CONVERSION = YES;
				CLANG_WARN_COMMA = YES;
				CLANG_WARN_CONSTANT_CONVERSION = YES;
				CLANG_WARN_DEPRECATED_OBJC_IMPLEMENTATIONS = YES;
				CLANG_WARN_DIRECT_OBJC_ISA_USAGE = YES_ERROR;
				CLANG_WARN_DOCUMENTATION_COMMENTS = YES;
				CLANG_WARN_EMPTY_BODY = YES;
				CLANG_WARN_ENUM_CONVERSION = YES;
				CLANG_WARN_INFINITE_RECURSION = YES;
				CLANG_WARN_INT_CONVERSION = YES;
				CLANG_WARN_NON_LITERAL_NULL_CONVERSION = YES;
				CLANG_WARN_OBJC_IMPLICIT_RETAIN_SELF = YES;
				CLANG_WARN_OBJC_LITERAL_CONVERSION = YES;
				CLANG_WARN_OBJC_ROOT_CLASS = YES_ERROR;
				CLANG_WARN_QUOTED_INCLUDE_IN_FRAMEWORK_HEADER = YES;
				CLANG_WARN_RANGE_LOOP_ANALYSIS = YES;
				CLANG_WARN_STRICT_PROTOTYPES = YES;
				CLANG_WARN_SUSPICIOUS_MOVE = YES;
				CLANG_WARN_UNGUARDED_AVAILABILITY = YES_AGGRESSIVE;
				CLANG_WARN_UNREACHABLE_CODE = YES;
				CLANG_WARN__DUPLICATE_METHOD_MATCH = YES;
				COPY_PHASE_STRIP = NO;
				DEBUG_INFORMATION_FORMAT = dwarf;
				ENABLE_STRICT_OBJC_MSGSEND = YES;
				ENABLE_TESTABILITY = YES;
				ENABLE_USER_SCRIPT_SANDBOXING = YES;
				GCC_C_LANGUAGE_STANDARD = gnu17;
				GCC_DYNAMIC_NO_PIC = NO;
				GCC_NO_COMMON_BLOCKS = YES;
				GCC_OPTIMIZATION_LEVEL = 0;
				GCC_PREPROCESSOR_DEFINITIONS = (
					"DEBUG=1",
					"$(inherited)",
				);
				GCC_WARN_64_TO_32_BIT_CONVERSION = YES;
				GCC_WARN_ABOUT_RETURN_TYPE = YES_ERROR;
				GCC_WARN_UNDECLARED_SELECTOR = YES;
				GCC_WARN_UNINITIALIZED_AUTOS = YES_AGGRESSIVE;
				GCC_WARN_UNUSED_FUNCTION = YES;
				GCC_WARN_UNUSED_VARIABLE = YES;
				IPHONEOS_DEPLOYMENT_TARGET = 17.0;
				LOCALIZATION_PREFERS_STRING_CATALOGS = YES;
				MTL_ENABLE_DEBUG_INFO = INCLUDE_SOURCE;
				MTL_FAST_MATH = YES;
				ONLY_ACTIVE_ARCH = YES;
				SDKROOT = iphoneos;
				SWIFT_ACTIVE_COMPILATION_CONDITIONS = "DEBUG $(inherited)";
				SWIFT_OPTIMIZATION_LEVEL = "-Onone";
			};
			name = Debug;
		};
		3B15EFC92E4B84A300938641 /* Release */ = {
			isa = XCBuildConfiguration;
			buildSettings = {
				ALWAYS_SEARCH_USER_PATHS = NO;
				ASSETCATALOG_COMPILER_GENERATE_SWIFT_ASSET_SYMBOL_EXTENSIONS = YES;
				CLANG_ANALYZER_NONNULL = YES;
				CLANG_ANALYZER_NUMBER_OBJECT_CONVERSION = YES_AGGRESSIVE;
				CLANG_CXX_LANGUAGE_STANDARD = "gnu++20";
				CLANG_ENABLE_MODULES = YES;
				CLANG_ENABLE_OBJC_ARC = YES;
				CLANG_ENABLE_OBJC_WEAK = YES;
				CLANG_WARN_BLOCK_CAPTURE_AUTORELEASING = YES;
				CLANG_WARN_BOOL_CONVERSION = YES;
				CLANG_WARN_COMMA = YES;
				CLANG_WARN_CONSTANT_CONVERSION = YES;
				CLANG_WARN_DEPRECATED_OBJC_IMPLEMENTATIONS = YES;
				CLANG_WARN_DIRECT_OBJC_ISA_USAGE = YES_ERROR;
				CLANG_WARN_DOCUMENTATION_COMMENTS = YES;
				CLANG_WARN_EMPTY_BODY = YES;
				CLANG_WARN_ENUM_CONVERSION = YES;
				CLANG_WARN_INFINITE_RECURSION = YES;
				CLANG_WARN_INT_CONVERSION = YES;
				CLANG_WARN_NON_LITERAL_NULL_CONVERSION = YES;
				CLANG_WARN_OBJC_IMPLICIT_RETAIN_SELF = YES;
				CLANG_WARN_OBJC_LITERAL_CONVERSION = YES;
				CLANG_WARN_OBJC_ROOT_CLASS = YES_ERROR;
				CLANG_WARN_QUOTED_INCLUDE_IN_FRAMEWORK_HEADER = YES;
				CLANG_WARN_RANGE_LOOP_ANALYSIS = YES;
				CLANG_WARN_STRICT_PROTOTYPES = YES;
				CLANG_WARN_SUSPICIOUS_MOVE = YES;
				CLANG_WARN_UNGUARDED_AVAILABILITY = YES_AGGRESSIVE;
				CLANG_WARN_UNREACHABLE_CODE = YES;
				CLANG_WARN__DUPLICATE_METHOD_MATCH = YES;
				COPY_PHASE_STRIP = NO;
				DEBUG_INFORMATION_FORMAT = "dwarf-with-dsym";
				ENABLE_NS_ASSERTIONS = NO;
				ENABLE_STRICT_OBJC_MSGSEND = YES;
				ENABLE_USER_SCRIPT_SANDBOXING = YES;
				GCC_C_LANGUAGE_STANDARD = gnu17;
				GCC_NO_COMMON_BLOCKS = YES;
				GCC_WARN_64_TO_32_BIT_CONVERSION = YES;
				GCC_WARN_ABOUT_RETURN_TYPE = YES_ERROR;
				GCC_WARN_UNDECLARED_SELECTOR = YES;
				GCC_WARN_UNINITIALIZED_AUTOS = YES_AGGRESSIVE;
				GCC_WARN_UNUSED_FUNCTION = YES;
				GCC_WARN_UNUSED_VARIABLE = YES;
				IPHONEOS_DEPLOYMENT_TARGET = 17.0;
				LOCALIZATION_PREFERS_STRING_CATALOGS = YES;
				MTL_ENABLE_DEBUG_INFO = NO;
				MTL_FAST_MATH = YES;
				SDKROOT = iphoneos;
				SWIFT_COMPILATION_MODE = wholemodule;
				VALIDATE_PRODUCT = YES;
			};
			name = Release;
		};
		3B15EFCB2E4B84A300938641 /* Debug */ = {
			isa = XCBuildConfiguration;
			buildSettings = {
				ASSETCATALOG_COMPILER_APPICON_NAME = AppIcon;
				ASSETCATALOG_COMPILER_GLOBAL_ACCENT_COLOR_NAME = AccentColor;
				CODE_SIGN_ENTITLEMENTS = "Passport Reader/Passport Reader.entitlements";
				CODE_SIGN_STYLE = Automatic;
				CURRENT_PROJECT_VERSION = 1;
				DEVELOPMENT_ASSET_PATHS = "\"Passport Reader/Preview Content\"";
				DEVELOPMENT_TEAM = CSD8L9EK66;
				ENABLE_PREVIEWS = YES;
				GENERATE_INFOPLIST_FILE = YES;
				INFOPLIST_FILE = "Passport Reader/Passport-Reader-Info.plist";
				INFOPLIST_KEY_NFCReaderUsageDescription = "Passport capture";
				INFOPLIST_KEY_NSCameraUsageDescription = "Face capture";
				INFOPLIST_KEY_UIApplicationSceneManifest_Generation = YES;
				INFOPLIST_KEY_UIApplicationSupportsIndirectInputEvents = YES;
				INFOPLIST_KEY_UISupportedInterfaceOrientations_iPad = "UIInterfaceOrientationPortrait UIInterfaceOrientationPortraitUpsideDown UIInterfaceOrientationLandscapeLeft UIInterfaceOrientationLandscapeRight";
				INFOPLIST_KEY_UISupportedInterfaceOrientations_iPhone = "UIInterfaceOrientationPortrait UIInterfaceOrientationLandscapeLeft UIInterfaceOrientationLandscapeRight";
				IPHONEOS_DEPLOYMENT_TARGET = 17.0;
				LD_RUNPATH_SEARCH_PATHS = (
					"$(inherited)",
					"@executable_path/Frameworks",
				);
				MARKETING_VERSION = 1.0;
				PRODUCT_BUNDLE_IDENTIFIER = com.appliedrec.passportreader;
				PRODUCT_NAME = "$(TARGET_NAME)";
				SWIFT_EMIT_LOC_STRINGS = YES;
				SWIFT_VERSION = 5.0;
				TARGETED_DEVICE_FAMILY = "1,2";
			};
			name = Debug;
		};
		3B15EFCC2E4B84A300938641 /* Release */ = {
			isa = XCBuildConfiguration;
			buildSettings = {
				ASSETCATALOG_COMPILER_APPICON_NAME = AppIcon;
				ASSETCATALOG_COMPILER_GLOBAL_ACCENT_COLOR_NAME = AccentColor;
				CODE_SIGN_ENTITLEMENTS = "Passport Reader/Passport Reader.entitlements";
				CODE_SIGN_STYLE = Automatic;
				CURRENT_PROJECT_VERSION = 1;
				DEVELOPMENT_ASSET_PATHS = "\"Passport Reader/Preview Content\"";
				DEVELOPMENT_TEAM = CSD8L9EK66;
				ENABLE_PREVIEWS = YES;
				GENERATE_INFOPLIST_FILE = YES;
				INFOPLIST_FILE = "Passport Reader/Passport-Reader-Info.plist";
				INFOPLIST_KEY_NFCReaderUsageDescription = "Passport capture";
				INFOPLIST_KEY_NSCameraUsageDescription = "Face capture";
				INFOPLIST_KEY_UIApplicationSceneManifest_Generation = YES;
				INFOPLIST_KEY_UIApplicationSupportsIndirectInputEvents = YES;
				INFOPLIST_KEY_UISupportedInterfaceOrientations_iPad = "UIInterfaceOrientationPortrait UIInterfaceOrientationPortraitUpsideDown UIInterfaceOrientationLandscapeLeft UIInterfaceOrientationLandscapeRight";
				INFOPLIST_KEY_UISupportedInterfaceOrientations_iPhone = "UIInterfaceOrientationPortrait UIInterfaceOrientationLandscapeLeft UIInterfaceOrientationLandscapeRight";
				IPHONEOS_DEPLOYMENT_TARGET = 17.0;
				LD_RUNPATH_SEARCH_PATHS = (
					"$(inherited)",
					"@executable_path/Frameworks",
				);
				MARKETING_VERSION = 1.0;
				PRODUCT_BUNDLE_IDENTIFIER = com.appliedrec.passportreader;
				PRODUCT_NAME = "$(TARGET_NAME)";
				SWIFT_EMIT_LOC_STRINGS = YES;
				SWIFT_VERSION = 5.0;
				TARGETED_DEVICE_FAMILY = "1,2";
			};
			name = Release;
		};
/* End XCBuildConfiguration section */

/* Begin XCConfigurationList section */
		3B15EFB72E4B84A000938641 /* Build configuration list for PBXProject "Passport Reader" */ = {
			isa = XCConfigurationList;
			buildConfigurations = (
				3B15EFC82E4B84A300938641 /* Debug */,
				3B15EFC92E4B84A300938641 /* Release */,
			);
			defaultConfigurationIsVisible = 0;
			defaultConfigurationName = Release;
		};
		3B15EFCA2E4B84A300938641 /* Build configuration list for PBXNativeTarget "Passport Reader" */ = {
			isa = XCConfigurationList;
			buildConfigurations = (
				3B15EFCB2E4B84A300938641 /* Debug */,
				3B15EFCC2E4B84A300938641 /* Release */,
			);
			defaultConfigurationIsVisible = 0;
			defaultConfigurationName = Release;
		};
/* End XCConfigurationList section */

/* Begin XCRemoteSwiftPackageReference section */
		3B15EFCD2E4B84F100938641 /* XCRemoteSwiftPackageReference "NFCPassportReader" */ = {
			isa = XCRemoteSwiftPackageReference;
			repositoryURL = "https://github.com/AndyQ/NFCPassportReader";
			requirement = {
				kind = upToNextMajorVersion;
				minimumVersion = 2.1.2;
			};
		};
		3B15EFD02E4B85C900938641 /* XCRemoteSwiftPackageReference "Face-Detection-RetinaFace-Apple" */ = {
			isa = XCRemoteSwiftPackageReference;
			repositoryURL = "https://github.com/AppliedRecognition/Face-Detection-RetinaFace-Apple.git";
			requirement = {
				kind = upToNextMajorVersion;
				minimumVersion = 1.0.4;
			};
		};
		3B15EFD32E4B85DF00938641 /* XCRemoteSwiftPackageReference "Face-Recognition-ArcFace-Apple" */ = {
			isa = XCRemoteSwiftPackageReference;
			repositoryURL = "https://github.com/AppliedRecognition/Face-Recognition-ArcFace-Apple.git";
			requirement = {
				kind = upToNextMajorVersion;
				minimumVersion = 1.1.1;
			};
		};
		3B15EFD82E4B860700938641 /* XCRemoteSwiftPackageReference "Face-Capture-Apple" */ = {
			isa = XCRemoteSwiftPackageReference;
			repositoryURL = "https://github.com/AppliedRecognition/Face-Capture-Apple.git";
			requirement = {
				kind = upToNextMajorVersion;
				minimumVersion = 2.0.1;
			};
		};
		3B15EFDB2E4B862300938641 /* XCRemoteSwiftPackageReference "Spoof-Device-Detection-Ver-ID-3-Apple" */ = {
			isa = XCRemoteSwiftPackageReference;
			repositoryURL = "https://github.com/AppliedRecognition/Spoof-Device-Detection-Ver-ID-3-Apple.git";
			requirement = {
				kind = upToNextMajorVersion;
				minimumVersion = 1.0.2;
			};
		};
/* End XCRemoteSwiftPackageReference section */

/* Begin XCSwiftPackageProductDependency section */
		3B15EFCE2E4B84F100938641 /* NFCPassportReader */ = {
			isa = XCSwiftPackageProductDependency;
			package = 3B15EFCD2E4B84F100938641 /* XCRemoteSwiftPackageReference "NFCPassportReader" */;
			productName = NFCPassportReader;
		};
		3B15EFD12E4B85C900938641 /* FaceDetectionRetinaFace */ = {
			isa = XCSwiftPackageProductDependency;
			package = 3B15EFD02E4B85C900938641 /* XCRemoteSwiftPackageReference "Face-Detection-RetinaFace-Apple" */;
			productName = FaceDetectionRetinaFace;
		};
		3B15EFD42E4B85DF00938641 /* FaceRecognitionArcFaceCloud */ = {
			isa = XCSwiftPackageProductDependency;
			package = 3B15EFD32E4B85DF00938641 /* XCRemoteSwiftPackageReference "Face-Recognition-ArcFace-Apple" */;
			productName = FaceRecognitionArcFaceCloud;
		};
		3B15EFD62E4B85DF00938641 /* FaceRecognitionArcFaceCore */ = {
			isa = XCSwiftPackageProductDependency;
			package = 3B15EFD32E4B85DF00938641 /* XCRemoteSwiftPackageReference "Face-Recognition-ArcFace-Apple" */;
			productName = FaceRecognitionArcFaceCore;
		};
		3B15EFD92E4B860700938641 /* FaceCapture */ = {
			isa = XCSwiftPackageProductDependency;
			package = 3B15EFD82E4B860700938641 /* XCRemoteSwiftPackageReference "Face-Capture-Apple" */;
			productName = FaceCapture;
		};
		3B15EFDC2E4B862300938641 /* SpoofDeviceDetection */ = {
			isa = XCSwiftPackageProductDependency;
			package = 3B15EFDB2E4B862300938641 /* XCRemoteSwiftPackageReference "Spoof-Device-Detection-Ver-ID-3-Apple" */;
			productName = SpoofDeviceDetection;
		};
		3B15EFDE2E4B862300938641 /* SpoofDeviceDetectionCore */ = {
			isa = XCSwiftPackageProductDependency;
			package = 3B15EFDB2E4B862300938641 /* XCRemoteSwiftPackageReference "Spoof-Device-Detection-Ver-ID-3-Apple" */;
			productName = SpoofDeviceDetectionCore;
		};
/* End XCSwiftPackageProductDependency section */
	};
	rootObject = 3B15EFB42E4B84A000938641 /* Project object */;
}
