{
  "originHash" : "11e8a2ab9080c71011141f36152f4d0f04714df41ea33fdd02e8bdcdc2086847",
  "pins" : [
    {
      "identity" : "face-capture-apple",
      "kind" : "remoteSourceControl",
      "location" : "https://github.com/AppliedRecognition/Face-Capture-Apple.git",
      "state" : {
        "revision" : "f63855df17a129262730b7ae43d0037f6f235528",
        "version" : "2.1.0"
      }
    },
    {
      "identity" : "face-detection-retinaface-apple",
      "kind" : "remoteSourceControl",
      "location" : "https://github.com/AppliedRecognition/Face-Detection-RetinaFace-Apple.git",
      "state" : {
        "revision" : "5daf9664f60f10910667b948d1507b585514d8b3",
        "version" : "1.0.5"
      }
    },
    {
      "identity" : "face-recognition-arcface-apple",
      "kind" : "remoteSourceControl",
      "location" : "https://github.com/AppliedRecognition/Face-Recognition-ArcFace-Apple.git",
      "state" : {
        "revision" : "4565f6eafbf699f9522e3b4da964315257277d7a",
        "version" : "1.2.2"
      }
    },
    {
      "identity" : "face-recognition-r300-apple",
      "kind" : "remoteSourceControl",
      "location" : "https://github.com/AppliedRecognition/Face-Recognition-R300-Apple.git",
      "state" : {
        "revision" : "c8fa948265e65cb6a540b0a01ab94e71d6477266",
        "version" : "1.0.0"
      }
    },
    {
      "identity" : "facial-attribute-detection-apple",
      "kind" : "remoteSourceControl",
      "location" : "https://github.com/AppliedRecognition/Facial-Attribute-Detection-Apple.git",
      "state" : {
        "revision" : "67524da7eb87a7684c4c4a7fcd0595f08ae0a9db",
        "version" : "1.0.0"
      }
    },
    {
      "identity" : "nfcpassportreader",
      "kind" : "remoteSourceControl",
      "location" : "https://github.com/AndyQ/NFCPassportReader",
      "state" : {
        "revision" : "4a29a9b954c8ea0d4d35b96af6fe1849258b31e1",
        "version" : "2.2.0"
      }
    },
    {
      "identity" : "onnxruntime-swift-package-manager",
      "kind" : "remoteSourceControl",
      "location" : "https://github.com/microsoft/onnxruntime-swift-package-manager.git",
      "state" : {
        "revision" : "12ce7374c86944e1f68f3a866d10105d8357f074",
        "version" : "1.20.0"
      }
    },
    {
      "identity" : "openssl",
      "kind" : "remoteSourceControl",
      "location" : "https://github.com/krzyzanowskim/OpenSSL.git",
      "state" : {
        "revision" : "623c84da314e85363236507ca38a4bde65df21c3",
        "version" : "3.3.3001"
      }
    },
    {
      "identity" : "spoof-device-detection-ver-id-3-apple",
      "kind" : "remoteSourceControl",
      "location" : "https://github.com/AppliedRecognition/Spoof-Device-Detection-Ver-ID-3-Apple.git",
      "state" : {
        "revision" : "f4f6063ae0923a26666993127d7bf9e7e2719b25",
        "version" : "1.0.2"
      }
    },
    {
      "identity" : "ver-id-common-types-apple",
      "kind" : "remoteSourceControl",
      "location" : "https://github.com/AppliedRecognition/Ver-ID-Common-Types-Apple.git",
      "state" : {
        "revision" : "c79cd076f98da9dc71e199b505f3e79a06075581",
        "version" : "3.2.2"
      }
    }
  ],
  "version" : 3
}
