{
  "pins" : [
    {
      "identity" : "blinkid-ios",
      "kind" : "remoteSourceControl",
      "location" : "https://github.com/BlinkID/blinkid-ios",
      "state" : {
        "branch" : "master",
        "revision" : "dc1fa0df5ddd2bac21f313cc0253243a2b58f429"
      }
    },
    {
      "identity" : "nfcpassportreader",
      "kind" : "remoteSourceControl",
      "location" : "https://github.com/AndyQ/NFCPassportReader",
      "state" : {
        "revision" : "84b4c823ead7f7f61049302f4100ed21db32f945",
        "version" : "2.0.2"
      }
    },
    {
      "identity" : "normal-distribution-swift",
      "kind" : "remoteSourceControl",
      "location" : "https://github.com/AppliedRecognition/Normal-Distribution-Swift",
      "state" : {
        "revision" : "45ad4b2a1a3f65172ea6b6a6b5fc4674e99cfe6a",
        "version" : "1.1.0"
      }
    },
    {
      "identity" : "openssl",
      "kind" : "remoteSourceControl",
      "location" : "https://github.com/krzyzanowskim/OpenSSL.git",
      "state" : {
        "revision" : "0c70e4b7d22411a7fe3ff59b913d5b760b735ce1",
        "version" : "1.1.2100"
      }
    }
  ],
  "version" : 2
}
